
Microsoft Visual Studio Solution File, Format Version 12.00
# Visual Studio Version 17
VisualStudioVersion = 17.5.33516.290
MinimumVisualStudioVersion = 10.0.40219.1
Project("{FAE04EC0-301F-11D3-BF4B-00C04F79EFBC}") = "Demo.PL", "Demo.PL.csproj", "{9DD1B0DE-ABB6-4ECE-8788-0CE654020FBC}"
EndProject
Project("{FAE04EC0-301F-11D3-BF4B-00C04F79EFBC}") = "Demo.DAL", "..\Demo.DAL\Demo.DAL.csproj", "{D7D7B0AC-42C3-46DF-B983-0C689A195B2C}"
EndProject
Project("{FAE04EC0-301F-11D3-BF4B-00C04F79EFBC}") = "Demo.BLL", "..\Demo.BLL\Demo.BLL.csproj", "{B9736D10-0B5F-4DCE-A290-433E35EEEFC2}"
EndProject
Global
	GlobalSection(SolutionConfigurationPlatforms) = preSolution
		Debug|Any CPU = Debug|Any CPU
		Release|Any CPU = Release|Any CPU
	EndGlobalSection
	GlobalSection(ProjectConfigurationPlatforms) = postSolution
		{9DD1B0DE-ABB6-4ECE-8788-0CE654020FBC}.Debug|Any CPU.ActiveCfg = Debug|Any CPU
		{9DD1B0DE-ABB6-4ECE-8788-0CE654020FBC}.Debug|Any CPU.Build.0 = Debug|Any CPU
		{9DD1B0DE-ABB6-4ECE-8788-0CE654020FBC}.Release|Any CPU.ActiveCfg = Release|Any CPU
		{9DD1B0DE-ABB6-4ECE-8788-0CE654020FBC}.Release|Any CPU.Build.0 = Release|Any CPU
		{D7D7B0AC-42C3-46DF-B983-0C689A195B2C}.Debug|Any CPU.ActiveCfg = Debug|Any CPU
		{D7D7B0AC-42C3-46DF-B983-0C689A195B2C}.Debug|Any CPU.Build.0 = Debug|Any CPU
		{D7D7B0AC-42C3-46DF-B983-0C689A195B2C}.Release|Any CPU.ActiveCfg = Release|Any CPU
		{D7D7B0AC-42C3-46DF-B983-0C689A195B2C}.Release|Any CPU.Build.0 = Release|Any CPU
		{B9736D10-0B5F-4DCE-A290-433E35EEEFC2}.Debug|Any CPU.ActiveCfg = Debug|Any CPU
		{B9736D10-0B5F-4DCE-A290-433E35EEEFC2}.Debug|Any CPU.Build.0 = Debug|Any CPU
		{B9736D10-0B5F-4DCE-A290-433E35EEEFC2}.Release|Any CPU.ActiveCfg = Release|Any CPU
		{B9736D10-0B5F-4DCE-A290-433E35EEEFC2}.Release|Any CPU.Build.0 = Release|Any CPU
	EndGlobalSection
	GlobalSection(SolutionProperties) = preSolution
		HideSolutionNode = FALSE
	EndGlobalSection
	GlobalSection(ExtensibilityGlobals) = postSolution
		SolutionGuid = {6D0482A8-3203-4882-8D74-5029E15EEFC5}
	EndGlobalSection
EndGlobal
